// !$*UTF8*$!
{
	archiveVersion = 1;
	classes = {
	};
	objectVersion = 50;
	objects = {

/* Begin PBXBuildFile section */
		BF430068226E11390020746B /* AppDelegate.swift in Sources */ = {isa = PBXBuildFile; fileRef = BF430067226E11390020746B /* AppDelegate.swift */; };
		BF43006F226E113B0020746B /* Assets.xcassets in Resources */ = {isa = PBXBuildFile; fileRef = BF43006E226E113B0020746B /* Assets.xcassets */; };
		BF430072226E113B0020746B /* LaunchScreen.storyboard in Resources */ = {isa = PBXBuildFile; fileRef = BF430070226E113B0020746B /* LaunchScreen.storyboard */; };
		BF43007A226E14450020746B /* ListGitTableViewController.swift in Sources */ = {isa = PBXBuildFile; fileRef = BF430079226E14450020746B /* ListGitTableViewController.swift */; };
		BF43007C226E30780020746B /* UIImageViewExtension.swift in Sources */ = {isa = PBXBuildFile; fileRef = BF43007B226E30780020746B /* UIImageViewExtension.swift */; };
		BF430080226E48C00020746B /* DetailGitViewController.swift in Sources */ = {isa = PBXBuildFile; fileRef = BF43007F226E48C00020746B /* DetailGitViewController.swift */; };
		BFFDFA09226E6439005CECF7 /* GitRS.swift in Sources */ = {isa = PBXBuildFile; fileRef = BFFDFA08226E6439005CECF7 /* GitRS.swift */; };
		BFFDFA0B226E6489005CECF7 /* UserGit.swift in Sources */ = {isa = PBXBuildFile; fileRef = BFFDFA0A226E6489005CECF7 /* UserGit.swift */; };
		BFFDFA0D226E64BE005CECF7 /* UserDetailGit.swift in Sources */ = {isa = PBXBuildFile; fileRef = BFFDFA0C226E64BE005CECF7 /* UserDetailGit.swift */; };
		BFFDFA11226E661B005CECF7 /* HttpHandler.swift in Sources */ = {isa = PBXBuildFile; fileRef = BFFDFA10226E661B005CECF7 /* HttpHandler.swift */; };
/* End PBXBuildFile section */

/* Begin PBXFileReference section */
		BF430064226E11390020746B /* melhoresGit.app */ = {isa = PBXFileReference; explicitFileType = wrapper.application; includeInIndex = 0; path = melhoresGit.app; sourceTree = BUILT_PRODUCTS_DIR; };
		BF430067226E11390020746B /* AppDelegate.swift */ = {isa = PBXFileReference; lastKnownFileType = sourcecode.swift; path = AppDelegate.swift; sourceTree = "<group>"; };
		BF43006E226E113B0020746B /* Assets.xcassets */ = {isa = PBXFileReference; lastKnownFileType = folder.assetcatalog; path = Assets.xcassets; sourceTree = "<group>"; };
		BF430071226E113B0020746B /* Base */ = {isa = PBXFileReference; lastKnownFileType = file.storyboard; name = Base; path = Base.lproj/LaunchScreen.storyboard; sourceTree = "<group>"; };
		BF430073226E113B0020746B /* Info.plist */ = {isa = PBXFileReference; lastKnownFileType = text.plist.xml; path = Info.plist; sourceTree = "<group>"; };
		BF430079226E14450020746B /* ListGitTableViewController.swift */ = {isa = PBXFileReference; lastKnownFileType = sourcecode.swift; path = ListGitTableViewController.swift; sourceTree = "<group>"; };
		BF43007B226E30780020746B /* UIImageViewExtension.swift */ = {isa = PBXFileReference; lastKnownFileType = sourcecode.swift; path = UIImageViewExtension.swift; sourceTree = "<group>"; };
		BF43007F226E48C00020746B /* DetailGitViewController.swift */ = {isa = PBXFileReference; lastKnownFileType = sourcecode.swift; path = DetailGitViewController.swift; sourceTree = "<group>"; };
		BFFDFA08226E6439005CECF7 /* GitRS.swift */ = {isa = PBXFileReference; lastKnownFileType = sourcecode.swift; path = GitRS.swift; sourceTree = "<group>"; };
		BFFDFA0A226E6489005CECF7 /* UserGit.swift */ = {isa = PBXFileReference; lastKnownFileType = sourcecode.swift; path = UserGit.swift; sourceTree = "<group>"; };
		BFFDFA0C226E64BE005CECF7 /* UserDetailGit.swift */ = {isa = PBXFileReference; lastKnownFileType = sourcecode.swift; path = UserDetailGit.swift; sourceTree = "<group>"; };
		BFFDFA10226E661B005CECF7 /* HttpHandler.swift */ = {isa = PBXFileReference; lastKnownFileType = sourcecode.swift; path = HttpHandler.swift; sourceTree = "<group>"; };
/* End PBXFileReference section */

/* Begin PBXFrameworksBuildPhase section */
		BF430061226E11390020746B /* Frameworks */ = {
			isa = PBXFrameworksBuildPhase;
			buildActionMask = 2147483647;
			files = (
			);
			runOnlyForDeploymentPostprocessing = 0;
		};
/* End PBXFrameworksBuildPhase section */

/* Begin PBXGroup section */
		BF43005B226E11390020746B = {
			isa = PBXGroup;
			children = (
				BF430066226E11390020746B /* melhoresGit */,
				BF430065226E11390020746B /* Products */,
			);
			sourceTree = "<group>";
		};
		BF430065226E11390020746B /* Products */ = {
			isa = PBXGroup;
			children = (
				BF430064226E11390020746B /* melhoresGit.app */,
			);
			name = Products;
			sourceTree = "<group>";
		};
		BF430066226E11390020746B /* melhoresGit */ = {
			isa = PBXGroup;
			children = (
				BFFDFA0E226E6570005CECF7 /* Views */,
				BFFDFA06226E640E005CECF7 /* Core */,
				BF430067226E11390020746B /* AppDelegate.swift */,
				BF43006E226E113B0020746B /* Assets.xcassets */,
				BF430070226E113B0020746B /* LaunchScreen.storyboard */,
				BF430073226E113B0020746B /* Info.plist */,
			);
			path = melhoresGit;
			sourceTree = "<group>";
		};
		BFFDFA05226E4919005CECF7 /* Extensions */ = {
			isa = PBXGroup;
			children = (
				BF43007B226E30780020746B /* UIImageViewExtension.swift */,
			);
			path = Extensions;
			sourceTree = "<group>";
		};
		BFFDFA06226E640E005CECF7 /* Core */ = {
			isa = PBXGroup;
			children = (
				BFFDFA0F226E65F6005CECF7 /* Handler */,
				BFFDFA05226E4919005CECF7 /* Extensions */,
				BFFDFA07226E6419005CECF7 /* Models */,
			);
			path = Core;
			sourceTree = "<group>";
		};
		BFFDFA07226E6419005CECF7 /* Models */ = {
			isa = PBXGroup;
			children = (
				BFFDFA08226E6439005CECF7 /* GitRS.swift */,
				BFFDFA0A226E6489005CECF7 /* UserGit.swift */,
				BFFDFA0C226E64BE005CECF7 /* UserDetailGit.swift */,
			);
			path = Models;
			sourceTree = "<group>";
		};
		BFFDFA0E226E6570005CECF7 /* Views */ = {
			isa = PBXGroup;
			children = (
				BF43007F226E48C00020746B /* DetailGitViewController.swift */,
				BF430079226E14450020746B /* ListGitTableViewController.swift */,
			);
			path = Views;
			sourceTree = "<group>";
		};
		BFFDFA0F226E65F6005CECF7 /* Handler */ = {
			isa = PBXGroup;
			children = (
				BFFDFA10226E661B005CECF7 /* HttpHandler.swift */,
			);
			path = Handler;
			sourceTree = "<group>";
		};
/* End PBXGroup section */

/* Begin PBXNativeTarget section */
		BF430063226E11390020746B /* melhoresGit */ = {
			isa = PBXNativeTarget;
			buildConfigurationList = BF430076226E113B0020746B /* Build configuration list for PBXNativeTarget "melhoresGit" */;
			buildPhases = (
				BF430060226E11390020746B /* Sources */,
				BF430061226E11390020746B /* Frameworks */,
				BF430062226E11390020746B /* Resources */,
			);
			buildRules = (
			);
			dependencies = (
			);
			name = melhoresGit;
			productName = melhoresGit;
			productReference = BF430064226E11390020746B /* melhoresGit.app */;
			productType = "com.apple.product-type.application";
		};
/* End PBXNativeTarget section */

/* Begin PBXProject section */
		BF43005C226E11390020746B /* Project object */ = {
			isa = PBXProject;
			attributes = {
				LastSwiftUpdateCheck = 1020;
				LastUpgradeCheck = 1020;
				ORGANIZATIONNAME = "Cleber Reis";
				TargetAttributes = {
					BF430063226E11390020746B = {
						CreatedOnToolsVersion = 10.2.1;
					};
				};
			};
			buildConfigurationList = BF43005F226E11390020746B /* Build configuration list for PBXProject "melhoresGit" */;
			compatibilityVersion = "Xcode 9.3";
			developmentRegion = en;
			hasScannedForEncodings = 0;
			knownRegions = (
				en,
				Base,
			);
			mainGroup = BF43005B226E11390020746B;
			productRefGroup = BF430065226E11390020746B /* Products */;
			projectDirPath = "";
			projectRoot = "";
			targets = (
				BF430063226E11390020746B /* melhoresGit */,
			);
		};
/* End PBXProject section */

/* Begin PBXResourcesBuildPhase section */
		BF430062226E11390020746B /* Resources */ = {
			isa = PBXResourcesBuildPhase;
			buildActionMask = 2147483647;
			files = (
				BF430072226E113B0020746B /* LaunchScreen.storyboard in Resources */,
				BF43006F226E113B0020746B /* Assets.xcassets in Resources */,
			);
			runOnlyForDeploymentPostprocessing = 0;
		};
/* End PBXResourcesBuildPhase section */

/* Begin PBXSourcesBuildPhase section */
		BF430060226E11390020746B /* Sources */ = {
			isa = PBXSourcesBuildPhase;
			buildActionMask = 2147483647;
			files = (
				BFFDFA09226E6439005CECF7 /* GitRS.swift in Sources */,
				BF43007A226E14450020746B /* ListGitTableViewController.swift in Sources */,
				BFFDFA11226E661B005CECF7 /* HttpHandler.swift in Sources */,
				BFFDFA0D226E64BE005CECF7 /* UserDetailGit.swift in Sources */,
				BF43007C226E30780020746B /* UIImageViewExtension.swift in Sources */,
				BF430080226E48C00020746B /* DetailGitViewController.swift in Sources */,
				BF430068226E11390020746B /* AppDelegate.swift in Sources */,
				BFFDFA0B226E6489005CECF7 /* UserGit.swift in Sources */,
			);
			runOnlyForDeploymentPostprocessing = 0;
		};
/* End PBXSourcesBuildPhase section */

/* Begin PBXVariantGroup section */
		BF430070226E113B0020746B /* LaunchScreen.storyboard */ = {
			isa = PBXVariantGroup;
			children = (
				BF430071226E113B0020746B /* Base */,
			);
			name = LaunchScreen.storyboard;
			sourceTree = "<group>";
		};
/* End PBXVariantGroup section */

/* Begin XCBuildConfiguration section */
		BF430074226E113B0020746B /* Debug */ = {
			isa = XCBuildConfiguration;
			buildSettings = {
				ALWAYS_SEARCH_USER_PATHS = NO;
				CLANG_ANALYZER_NONNULL = YES;
				CLANG_ANALYZER_NUMBER_OBJECT_CONVERSION = YES_AGGRESSIVE;
				CLANG_CXX_LANGUAGE_STANDARD = "gnu++14";
				CLANG_CXX_LIBRARY = "libc++";
				CLANG_ENABLE_MODULES = YES;
				CLANG_ENABLE_OBJC_ARC = YES;
				CLANG_ENABLE_OBJC_WEAK = YES;
				CLANG_WARN_BLOCK_CAPTURE_AUTORELEASING = YES;
				CLANG_WARN_BOOL_CONVERSION = YES;
				CLANG_WARN_COMMA = YES;
				CLANG_WARN_CONSTANT_CONVERSION = YES;
				CLANG_WARN_DEPRECATED_OBJC_IMPLEMENTATIONS = YES;
				CLANG_WARN_DIRECT_OBJC_ISA_USAGE = YES_ERROR;
				CLANG_WARN_DOCUMENTATION_COMMENTS = YES;
				CLANG_WARN_EMPTY_BODY = YES;
				CLANG_WARN_ENUM_CONVERSION = YES;
				CLANG_WARN_INFINITE_RECURSION = YES;
				CLANG_WARN_INT_CONVERSION = YES;
				CLANG_WARN_NON_LITERAL_NULL_CONVERSION = YES;
				CLANG_WARN_OBJC_IMPLICIT_RETAIN_SELF = YES;
				CLANG_WARN_OBJC_LITERAL_CONVERSION = YES;
				CLANG_WARN_OBJC_ROOT_CLASS = YES_ERROR;
				CLANG_WARN_RANGE_LOOP_ANALYSIS = YES;
				CLANG_WARN_STRICT_PROTOTYPES = YES;
				CLANG_WARN_SUSPICIOUS_MOVE = YES;
				CLANG_WARN_UNGUARDED_AVAILABILITY = YES_AGGRESSIVE;
				CLANG_WARN_UNREACHABLE_CODE = YES;
				CLANG_WARN__DUPLICATE_METHOD_MATCH = YES;
				CODE_SIGN_IDENTITY = "iPhone Developer";
				COPY_PHASE_STRIP = NO;
				DEBUG_INFORMATION_FORMAT = dwarf;
				ENABLE_STRICT_OBJC_MSGSEND = YES;
				ENABLE_TESTABILITY = YES;
				GCC_C_LANGUAGE_STANDARD = gnu11;
				GCC_DYNAMIC_NO_PIC = NO;
				GCC_NO_COMMON_BLOCKS = YES;
				GCC_OPTIMIZATION_LEVEL = 0;
				GCC_PREPROCESSOR_DEFINITIONS = (
					"DEBUG=1",
					"$(inherited)",
				);
				GCC_WARN_64_TO_32_BIT_CONVERSION = YES;
				GCC_WARN_ABOUT_RETURN_TYPE = YES_ERROR;
				GCC_WARN_UNDECLARED_SELECTOR = YES;
				GCC_WARN_UNINITIALIZED_AUTOS = YES_AGGRESSIVE;
				GCC_WARN_UNUSED_FUNCTION = YES;
				GCC_WARN_UNUSED_VARIABLE = YES;
				IPHONEOS_DEPLOYMENT_TARGET = 12.2;
				MTL_ENABLE_DEBUG_INFO = INCLUDE_SOURCE;
				MTL_FAST_MATH = YES;
				ONLY_ACTIVE_ARCH = YES;
				SDKROOT = iphoneos;
				SWIFT_ACTIVE_COMPILATION_CONDITIONS = DEBUG;
				SWIFT_OPTIMIZATION_LEVEL = "-Onone";
			};
			name = Debug;
		};
		BF430075226E113B0020746B /* Release */ = {
			isa = XCBuildConfiguration;
			buildSettings = {
				ALWAYS_SEARCH_USER_PATHS = NO;
				CLANG_ANALYZER_NONNULL = YES;
				CLANG_ANALYZER_NUMBER_OBJECT_CONVERSION = YES_AGGRESSIVE;
				CLANG_CXX_LANGUAGE_STANDARD = "gnu++14";
				CLANG_CXX_LIBRARY = "libc++";
				CLANG_ENABLE_MODULES = YES;
				CLANG_ENABLE_OBJC_ARC = YES;
				CLANG_ENABLE_OBJC_WEAK = YES;
				CLANG_WARN_BLOCK_CAPTURE_AUTORELEASING = YES;
				CLANG_WARN_BOOL_CONVERSION = YES;
				CLANG_WARN_COMMA = YES;
				CLANG_WARN_CONSTANT_CONVERSION = YES;
				CLANG_WARN_DEPRECATED_OBJC_IMPLEMENTATIONS = YES;
				CLANG_WARN_DIRECT_OBJC_ISA_USAGE = YES_ERROR;
				CLANG_WARN_DOCUMENTATION_COMMENTS = YES;
				CLANG_WARN_EMPTY_BODY = YES;
				CLANG_WARN_ENUM_CONVERSION = YES;
				CLANG_WARN_INFINITE_RECURSION = YES;
				CLANG_WARN_INT_CONVERSION = YES;
				CLANG_WARN_NON_LITERAL_NULL_CONVERSION = YES;
				CLANG_WARN_OBJC_IMPLICIT_RETAIN_SELF = YES;
				CLANG_WARN_OBJC_LITERAL_CONVERSION = YES;
				CLANG_WARN_OBJC_ROOT_CLASS = YES_ERROR;
				CLANG_WARN_RANGE_LOOP_ANALYSIS = YES;
				CLANG_WARN_STRICT_PROTOTYPES = YES;
				CLANG_WARN_SUSPICIOUS_MOVE = YES;
				CLANG_WARN_UNGUARDED_AVAILABILITY = YES_AGGRESSIVE;
				CLANG_WARN_UNREACHABLE_CODE = YES;
				CLANG_WARN__DUPLICATE_METHOD_MATCH = YES;
				CODE_SIGN_IDENTITY = "iPhone Developer";
				COPY_PHASE_STRIP = NO;
				DEBUG_INFORMATION_FORMAT = "dwarf-with-dsym";
				ENABLE_NS_ASSERTIONS = NO;
				ENABLE_STRICT_OBJC_MSGSEND = YES;
				GCC_C_LANGUAGE_STANDARD = gnu11;
				GCC_NO_COMMON_BLOCKS = YES;
				GCC_WARN_64_TO_32_BIT_CONVERSION = YES;
				GCC_WARN_ABOUT_RETURN_TYPE = YES_ERROR;
				GCC_WARN_UNDECLARED_SELECTOR = YES;
				GCC_WARN_UNINITIALIZED_AUTOS = YES_AGGRESSIVE;
				GCC_WARN_UNUSED_FUNCTION = YES;
				GCC_WARN_UNUSED_VARIABLE = YES;
				IPHONEOS_DEPLOYMENT_TARGET = 12.2;
				MTL_ENABLE_DEBUG_INFO = NO;
				MTL_FAST_MATH = YES;
				SDKROOT = iphoneos;
				SWIFT_COMPILATION_MODE = wholemodule;
				SWIFT_OPTIMIZATION_LEVEL = "-O";
				VALIDATE_PRODUCT = YES;
			};
			name = Release;
		};
		BF430077226E113B0020746B /* Debug */ = {
			isa = XCBuildConfiguration;
			buildSettings = {
				ASSETCATALOG_COMPILER_APPICON_NAME = AppIcon;
				CODE_SIGN_STYLE = Automatic;
				INFOPLIST_FILE = melhoresGit/Info.plist;
				LD_RUNPATH_SEARCH_PATHS = (
					"$(inherited)",
					"@executable_path/Frameworks",
				);
				PRODUCT_BUNDLE_IDENTIFIER = br.com.cleberreis.melhoresGit;
				PRODUCT_NAME = "$(TARGET_NAME)";
				SWIFT_VERSION = 5.0;
				TARGETED_DEVICE_FAMILY = "1,2";
			};
			name = Debug;
		};
		BF430078226E113B0020746B /* Release */ = {
			isa = XCBuildConfiguration;
			buildSettings = {
				ASSETCATALOG_COMPILER_APPICON_NAME = AppIcon;
				CODE_SIGN_STYLE = Automatic;
				INFOPLIST_FILE = melhoresGit/Info.plist;
				LD_RUNPATH_SEARCH_PATHS = (
					"$(inherited)",
					"@executable_path/Frameworks",
				);
				PRODUCT_BUNDLE_IDENTIFIER = br.com.cleberreis.melhoresGit;
				PRODUCT_NAME = "$(TARGET_NAME)";
				SWIFT_VERSION = 5.0;
				TARGETED_DEVICE_FAMILY = "1,2";
			};
			name = Release;
		};
/* End XCBuildConfiguration section */

/* Begin XCConfigurationList section */
		BF43005F226E11390020746B /* Build configuration list for PBXProject "melhoresGit" */ = {
			isa = XCConfigurationList;
			buildConfigurations = (
				BF430074226E113B0020746B /* Debug */,
				BF430075226E113B0020746B /* Release */,
			);
			defaultConfigurationIsVisible = 0;
			defaultConfigurationName = Release;
		};
		BF430076226E113B0020746B /* Build configuration list for PBXNativeTarget "melhoresGit" */ = {
			isa = XCConfigurationList;
			buildConfigurations = (
				BF430077226E113B0020746B /* Debug */,
				BF430078226E113B0020746B /* Release */,
			);
			defaultConfigurationIsVisible = 0;
			defaultConfigurationName = Release;
		};
/* End XCConfigurationList section */
	};
	rootObject = BF43005C226E11390020746B /* Project object */;
}
